
Microsoft Visual Studio Solution File, Format Version 12.00
# Visual Studio Version 17
VisualStudioVersion = 17.2.32630.192
MinimumVisualStudioVersion = 10.0.40219.1
Project("{8BC9CEB8-8B4A-11D0-8D11-00A0C91BC942}") = "HelloWorld", "HelloWorld\HelloWorld.vcxproj", "{05F06EAD-600E-4F0E-9F71-1FC631B876AF}"
EndProject
Project("{8BC9CEB8-8B4A-11D0-8D11-00A0C91BC942}") = "LinkedList", "LinkedList\LinkedList.vcxproj", "{AD628A06-92F5-40FD-8C69-9EE4D52C59AE}"
EndProject
Project("{8BC9CEB8-8B4A-11D0-8D11-00A0C91BC942}") = "DoubleLinkedList", "DoubleLinkedList\DoubleLinkedList.vcxproj", "{8720C54C-CCD4-4013-A268-A89BFCF6E0AC}"
EndProject
Project("{8BC9CEB8-8B4A-11D0-8D11-00A0C91BC942}") = "Thread", "Thread\Thread.vcxproj", "{03B1BB4D-CC8F-40D0-ACA3-99927A03DE42}"
EndProject
Global
	GlobalSection(SolutionConfigurationPlatforms) = preSolution
		Debug|x64 = Debug|x64
		Debug|x86 = Debug|x86
		Release|x64 = Release|x64
		Release|x86 = Release|x86
	EndGlobalSection
	GlobalSection(ProjectConfigurationPlatforms) = postSolution
		{05F06EAD-600E-4F0E-9F71-1FC631B876AF}.Debug|x64.ActiveCfg = Debug|x64
		{05F06EAD-600E-4F0E-9F71-1FC631B876AF}.Debug|x64.Build.0 = Debug|x64
		{05F06EAD-600E-4F0E-9F71-1FC631B876AF}.Debug|x86.ActiveCfg = Debug|Win32
		{05F06EAD-600E-4F0E-9F71-1FC631B876AF}.Debug|x86.Build.0 = Debug|Win32
		{05F06EAD-600E-4F0E-9F71-1FC631B876AF}.Release|x64.ActiveCfg = Release|x64
		{05F06EAD-600E-4F0E-9F71-1FC631B876AF}.Release|x64.Build.0 = Release|x64
		{05F06EAD-600E-4F0E-9F71-1FC631B876AF}.Release|x86.ActiveCfg = Release|Win32
		{05F06EAD-600E-4F0E-9F71-1FC631B876AF}.Release|x86.Build.0 = Release|Win32
		{AD628A06-92F5-40FD-8C69-9EE4D52C59AE}.Debug|x64.ActiveCfg = Debug|x64
		{AD628A06-92F5-40FD-8C69-9EE4D52C59AE}.Debug|x64.Build.0 = Debug|x64
		{AD628A06-92F5-40FD-8C69-9EE4D52C59AE}.Debug|x86.ActiveCfg = Debug|Win32
		{AD628A06-92F5-40FD-8C69-9EE4D52C59AE}.Debug|x86.Build.0 = Debug|Win32
		{AD628A06-92F5-40FD-8C69-9EE4D52C59AE}.Release|x64.ActiveCfg = Release|x64
		{AD628A06-92F5-40FD-8C69-9EE4D52C59AE}.Release|x64.Build.0 = Release|x64
		{AD628A06-92F5-40FD-8C69-9EE4D52C59AE}.Release|x86.ActiveCfg = Release|Win32
		{AD628A06-92F5-40FD-8C69-9EE4D52C59AE}.Release|x86.Build.0 = Release|Win32
		{8720C54C-CCD4-4013-A268-A89BFCF6E0AC}.Debug|x64.ActiveCfg = Debug|x64
		{8720C54C-CCD4-4013-A268-A89BFCF6E0AC}.Debug|x64.Build.0 = Debug|x64
		{8720C54C-CCD4-4013-A268-A89BFCF6E0AC}.Debug|x86.ActiveCfg = Debug|Win32
		{8720C54C-CCD4-4013-A268-A89BFCF6E0AC}.Debug|x86.Build.0 = Debug|Win32
		{8720C54C-CCD4-4013-A268-A89BFCF6E0AC}.Release|x64.ActiveCfg = Release|x64
		{8720C54C-CCD4-4013-A268-A89BFCF6E0AC}.Release|x64.Build.0 = Release|x64
		{8720C54C-CCD4-4013-A268-A89BFCF6E0AC}.Release|x86.ActiveCfg = Release|Win32
		{8720C54C-CCD4-4013-A268-A89BFCF6E0AC}.Release|x86.Build.0 = Release|Win32
		{03B1BB4D-CC8F-40D0-ACA3-99927A03DE42}.Debug|x64.ActiveCfg = Debug|x64
		{03B1BB4D-CC8F-40D0-ACA3-99927A03DE42}.Debug|x64.Build.0 = Debug|x64
		{03B1BB4D-CC8F-40D0-ACA3-99927A03DE42}.Debug|x86.ActiveCfg = Debug|Win32
		{03B1BB4D-CC8F-40D0-ACA3-99927A03DE42}.Debug|x86.Build.0 = Debug|Win32
		{03B1BB4D-CC8F-40D0-ACA3-99927A03DE42}.Release|x64.ActiveCfg = Release|x64
		{03B1BB4D-CC8F-40D0-ACA3-99927A03DE42}.Release|x64.Build.0 = Release|x64
		{03B1BB4D-CC8F-40D0-ACA3-99927A03DE42}.Release|x86.ActiveCfg = Release|Win32
		{03B1BB4D-CC8F-40D0-ACA3-99927A03DE42}.Release|x86.Build.0 = Release|Win32
	EndGlobalSection
	GlobalSection(SolutionProperties) = preSolution
		HideSolutionNode = FALSE
	EndGlobalSection
	GlobalSection(ExtensibilityGlobals) = postSolution
		SolutionGuid = {BA3B034E-7300-41E7-99F0-FB78278F551D}
	EndGlobalSection
EndGlobal
